
Microsoft Visual Studio Solution File, Format Version 12.00
# Visual Studio Version 16
VisualStudioVersion = 16.0.35425.106
MinimumVisualStudioVersion = 10.0.40219.1
Project("{FAE04EC0-301F-11D3-BF4B-00C04F79EFBC}") = "Asp.net Test1", "Asp.net Test1\Asp.net Test1.csproj", "{AB2481A7-B8C7-4104-8FBE-1134E2A86D61}"
EndProject
Global
	GlobalSection(SolutionConfigurationPlatforms) = preSolution
		Debug|Any CPU = Debug|Any CPU
		Release|Any CPU = Release|Any CPU
	EndGlobalSection
	GlobalSection(ProjectConfigurationPlatforms) = postSolution
		{AB2481A7-B8C7-4104-8FBE-1134E2A86D61}.Debug|Any CPU.ActiveCfg = Debug|Any CPU
		{AB2481A7-B8C7-4104-8FBE-1134E2A86D61}.Debug|Any CPU.Build.0 = Debug|Any CPU
		{AB2481A7-B8C7-4104-8FBE-1134E2A86D61}.Release|Any CPU.ActiveCfg = Release|Any CPU
		{AB2481A7-B8C7-4104-8FBE-1134E2A86D61}.Release|Any CPU.Build.0 = Release|Any CPU
	EndGlobalSection
	GlobalSection(SolutionProperties) = preSolution
		HideSolutionNode = FALSE
	EndGlobalSection
	GlobalSection(ExtensibilityGlobals) = postSolution
		SolutionGuid = {67DC65C9-F518-438D-9E5F-509887A21513}
	EndGlobalSection
EndGlobal
